PODS:
  - Localize-Swift (3.1.0)
  - MBProgressHUD (1.1.0)
  - XYZColor (1.0.1)

DEPENDENCIES:
  - Localize-Swift
  - MBProgressHUD
  - XYZColor

SPEC REPOS:
  trunk:
    - Localize-Swift
    - MBProgressHUD
    - XYZColor

SPEC CHECKSUMS:
  Localize-Swift: 4bed4f0ccac8be2ec3517ee359da80ba2adb0fae
  MBProgressHUD: e7baa36a220447d8aeb12769bf0585582f3866d9
  XYZColor: 31df132b164c64bbe51bc9e0102fc63b1a56ccf9

PODFILE CHECKSUM: 8dbebb38f443e3ed5c8ba780be7d4fcf9b5901f2

COCOAPODS: 1.8.4
