PODS:
  - Localize-Swift (3.2.0):
    - Localize-Swift/LocalizeSwiftCore (= 3.2.0)
    - Localize-Swift/UIKit (= 3.2.0)
  - Localize-Swift/LocalizeSwiftCore (3.2.0)
  - Localize-Swift/UIKit (3.2.0):
    - Localize-Swift/LocalizeSwiftCore
  - MBProgressHUD (1.2.0)

DEPENDENCIES:
  - Localize-Swift
  - MBProgressHUD

SPEC REPOS:
  trunk:
    - Localize-Swift
    - MBProgressHUD

SPEC CHECKSUMS:
  Localize-Swift: 6f4475136bdb0d7b2882ea3d4ea919d70142b232
  MBProgressHUD: 3ee5efcc380f6a79a7cc9b363dd669c5e1ae7406

PODFILE CHECKSUM: 14a221f0f73aae2f199f1158d08fb0dfc6bad69d

COCOAPODS: 1.11.3
