// !$*UTF8*$!
{
	archiveVersion = 1;
	classes = {
	};
	objectVersion = 51;
	objects = {

/* Begin PBXBuildFile section */
		5E20555319259E8153C1358E /* Pods_XYZHUD.framework in Frameworks */ = {isa = PBXBuildFile; fileRef = FC9ACD727EE71B325DE3390E /* Pods_XYZHUD.framework */; };
		D6296A7624B3503E005BDB96 /* WoZai_XYZHUD_Extension.swift in Sources */ = {isa = PBXBuildFile; fileRef = D6296A7524B3503E005BDB96 /* WoZai_XYZHUD_Extension.swift */; };
		D6296A7824B3519C005BDB96 /* XUIVC_extension_SwiftEntryKit.swift in Sources */ = {isa = PBXBuildFile; fileRef = D6296A7724B3519C005BDB96 /* XUIVC_extension_SwiftEntryKit.swift */; };
		D65CF05623CBFE8F007A712F /* XYZHUD_VTLMaker_Extension.swift in Sources */ = {isa = PBXBuildFile; fileRef = D65CF02323CBFE8F007A712F /* XYZHUD_VTLMaker_Extension.swift */; };
		D65CF05723CBFE8F007A712F /* UIVC_extension_SwiftEntryKit.swift in Sources */ = {isa = PBXBuildFile; fileRef = D65CF02423CBFE8F007A712F /* UIVC_extension_SwiftEntryKit.swift */; };
		D65CF05823CBFE8F007A712F /* DisplayDurationSelectionTableViewCell.swift in Sources */ = {isa = PBXBuildFile; fileRef = D65CF02823CBFE8F007A712F /* DisplayDurationSelectionTableViewCell.swift */; };
		D65CF05923CBFE8F007A712F /* UserInteractionSelectionTableViewCell.swift in Sources */ = {isa = PBXBuildFile; fileRef = D65CF02923CBFE8F007A712F /* UserInteractionSelectionTableViewCell.swift */; };
		D65CF05A23CBFE8F007A712F /* RoundCornersSelectionTableViewCell.swift in Sources */ = {isa = PBXBuildFile; fileRef = D65CF02A23CBFE8F007A712F /* RoundCornersSelectionTableViewCell.swift */; };
		D65CF05B23CBFE8F007A712F /* PositionSelectionTableViewCell.swift in Sources */ = {isa = PBXBuildFile; fileRef = D65CF02B23CBFE8F007A712F /* PositionSelectionTableViewCell.swift */; };
		D65CF05C23CBFE8F007A712F /* HapticFeedbackSelectionTableViewCell.swift in Sources */ = {isa = PBXBuildFile; fileRef = D65CF02C23CBFE8F007A712F /* HapticFeedbackSelectionTableViewCell.swift */; };
		D65CF05D23CBFE8F007A712F /* AnimationSelectionTableViewCell.swift in Sources */ = {isa = PBXBuildFile; fileRef = D65CF02D23CBFE8F007A712F /* AnimationSelectionTableViewCell.swift */; };
		D65CF05E23CBFE8F007A712F /* BorderSelectionTableViewCell.swift in Sources */ = {isa = PBXBuildFile; fileRef = D65CF02E23CBFE8F007A712F /* BorderSelectionTableViewCell.swift */; };
		D65CF05F23CBFE8F007A712F /* HeightSelectionTableViewCell.swift in Sources */ = {isa = PBXBuildFile; fileRef = D65CF02F23CBFE8F007A712F /* HeightSelectionTableViewCell.swift */; };
		D65CF06023CBFE8F007A712F /* ShadowSelectionTableViewCell.swift in Sources */ = {isa = PBXBuildFile; fileRef = D65CF03023CBFE8F007A712F /* ShadowSelectionTableViewCell.swift */; };
		D65CF06123CBFE8F007A712F /* PrioritySelectionTableViewCell.swift in Sources */ = {isa = PBXBuildFile; fileRef = D65CF03123CBFE8F007A712F /* PrioritySelectionTableViewCell.swift */; };
		D65CF06223CBFE8F007A712F /* ScrollSelectionTableViewCell.swift in Sources */ = {isa = PBXBuildFile; fileRef = D65CF03223CBFE8F007A712F /* ScrollSelectionTableViewCell.swift */; };
		D65CF06323CBFE8F007A712F /* SelectionHeaderView.swift in Sources */ = {isa = PBXBuildFile; fileRef = D65CF03323CBFE8F007A712F /* SelectionHeaderView.swift */; };
		D65CF06423CBFE8F007A712F /* SelectionTableViewCell.swift in Sources */ = {isa = PBXBuildFile; fileRef = D65CF03423CBFE8F007A712F /* SelectionTableViewCell.swift */; };
		D65CF06523CBFE8F007A712F /* BackgroundStyleSelectionTableViewCell.swift in Sources */ = {isa = PBXBuildFile; fileRef = D65CF03523CBFE8F007A712F /* BackgroundStyleSelectionTableViewCell.swift */; };
		D65CF06623CBFE8F007A712F /* MaxWidthSelectionTableViewCell.swift in Sources */ = {isa = PBXBuildFile; fileRef = D65CF03623CBFE8F007A712F /* MaxWidthSelectionTableViewCell.swift */; };
		D65CF06723CBFE8F007A712F /* SafeAreaSelectionTableViewCell.swift in Sources */ = {isa = PBXBuildFile; fileRef = D65CF03723CBFE8F007A712F /* SafeAreaSelectionTableViewCell.swift */; };
		D65CF06823CBFE8F007A712F /* WidthSelectionTableViewCell.swift in Sources */ = {isa = PBXBuildFile; fileRef = D65CF03823CBFE8F007A712F /* WidthSelectionTableViewCell.swift */; };
		D65CF06923CBFE8F007A712F /* WindowLevelSelectionTableViewCell.swift in Sources */ = {isa = PBXBuildFile; fileRef = D65CF03923CBFE8F007A712F /* WindowLevelSelectionTableViewCell.swift */; };
		D65CF06A23CBFE8F007A712F /* EntryAttributeWrapper.swift in Sources */ = {isa = PBXBuildFile; fileRef = D65CF03A23CBFE8F007A712F /* EntryAttributeWrapper.swift */; };
		D65CF06B23CBFE8F007A712F /* PlaygroundViewController.swift in Sources */ = {isa = PBXBuildFile; fileRef = D65CF03B23CBFE8F007A712F /* PlaygroundViewController.swift */; };
		D65CF06C23CBFE8F007A712F /* UIColor+Utils.swift in Sources */ = {isa = PBXBuildFile; fileRef = D65CF03D23CBFE8F007A712F /* UIColor+Utils.swift */; };
		D65CF06D23CBFE8F007A712F /* CGRect+Utils.swift in Sources */ = {isa = PBXBuildFile; fileRef = D65CF03E23CBFE8F007A712F /* CGRect+Utils.swift */; };
		D65CF06E23CBFE8F007A712F /* UIScreen+Utils.swift in Sources */ = {isa = PBXBuildFile; fileRef = D65CF03F23CBFE8F007A712F /* UIScreen+Utils.swift */; };
		D65CF06F23CBFE8F007A712F /* Object+ClassName.swift in Sources */ = {isa = PBXBuildFile; fileRef = D65CF04023CBFE8F007A712F /* Object+ClassName.swift */; };
		D65CF07023CBFE8F007A712F /* Font.swift in Sources */ = {isa = PBXBuildFile; fileRef = D65CF04123CBFE8F007A712F /* Font.swift */; };
		D65CF07123CBFE8F007A712F /* UIView+Nib.swift in Sources */ = {isa = PBXBuildFile; fileRef = D65CF04223CBFE8F007A712F /* UIView+Nib.swift */; };
		D65CF07223CBFE8F007A712F /* PresetsViewController.swift in Sources */ = {isa = PBXBuildFile; fileRef = D65CF04423CBFE8F007A712F /* PresetsViewController.swift */; };
		D65CF07323CBFE8F007A712F /* PresetsDataSource.swift in Sources */ = {isa = PBXBuildFile; fileRef = D65CF04623CBFE8F007A712F /* PresetsDataSource.swift */; };
		D65CF07423CBFE8F007A712F /* PresetDescription.swift in Sources */ = {isa = PBXBuildFile; fileRef = D65CF04723CBFE8F007A712F /* PresetDescription.swift */; };
		D65CF07523CBFE8F007A712F /* PresetTableViewCell.swift in Sources */ = {isa = PBXBuildFile; fileRef = D65CF04823CBFE8F007A712F /* PresetTableViewCell.swift */; };
		D65CF07623CBFE8F007A712F /* ExampleViewController.swift in Sources */ = {isa = PBXBuildFile; fileRef = D65CF04B23CBFE8F007A712F /* ExampleViewController.swift */; };
		D65CF07723CBFE8F007A712F /* NibExampleView.swift in Sources */ = {isa = PBXBuildFile; fileRef = D65CF04D23CBFE8F007A712F /* NibExampleView.swift */; };
		D65CF07823CBFE8F007A712F /* NibExampleView.xib in Resources */ = {isa = PBXBuildFile; fileRef = D65CF04E23CBFE8F007A712F /* NibExampleView.xib */; };
		D65CF07923CBFE8F007A712F /* DescriptionViewController.xib in Resources */ = {isa = PBXBuildFile; fileRef = D65CF05023CBFE8F007A712F /* DescriptionViewController.xib */; };
		D65CF07A23CBFE8F007A712F /* DescriptionViewController.swift in Sources */ = {isa = PBXBuildFile; fileRef = D65CF05123CBFE8F007A712F /* DescriptionViewController.swift */; };
		D65CF07B23CBFE8F007A712F /* ExampleNavigationViewController.swift in Sources */ = {isa = PBXBuildFile; fileRef = D65CF05223CBFE8F007A712F /* ExampleNavigationViewController.swift */; };
		D65CF07C23CBFE8F007A712F /* ContactsViewController.swift in Sources */ = {isa = PBXBuildFile; fileRef = D65CF05323CBFE8F007A712F /* ContactsViewController.swift */; };
		D65CF07D23CBFE8F007A712F /* ContactsViewController.xib in Resources */ = {isa = PBXBuildFile; fileRef = D65CF05423CBFE8F007A712F /* ContactsViewController.xib */; };
		D65CF07E23CBFE8F007A712F /* FormFieldPresetFactory.swift in Sources */ = {isa = PBXBuildFile; fileRef = D65CF05523CBFE8F007A712F /* FormFieldPresetFactory.swift */; };
		D6855CB622F3F00F004F0DC0 /* XYZHUD_MBProgress.swift in Sources */ = {isa = PBXBuildFile; fileRef = D6855CB522F3F00F004F0DC0 /* XYZHUD_MBProgress.swift */; };
		D69AAA07236ECF8B00DFA393 /* ARSLineProgressHelpers.swift in Sources */ = {isa = PBXBuildFile; fileRef = D69AA9FD236ECF8B00DFA393 /* ARSLineProgressHelpers.swift */; };
		D69AAA08236ECF8B00DFA393 /* ARSLineProgressTypeAliases.swift in Sources */ = {isa = PBXBuildFile; fileRef = D69AA9FE236ECF8B00DFA393 /* ARSLineProgressTypeAliases.swift */; };
		D69AAA09236ECF8B00DFA393 /* ARSInfiniteLoader.swift in Sources */ = {isa = PBXBuildFile; fileRef = D69AA9FF236ECF8B00DFA393 /* ARSInfiniteLoader.swift */; };
		D69AAA0A236ECF8B00DFA393 /* ARSLineProgressConstants.swift in Sources */ = {isa = PBXBuildFile; fileRef = D69AAA00236ECF8B00DFA393 /* ARSLineProgressConstants.swift */; };
		D69AAA0B236ECF8B00DFA393 /* ARSLineProgress.swift in Sources */ = {isa = PBXBuildFile; fileRef = D69AAA01236ECF8B00DFA393 /* ARSLineProgress.swift */; };
		D69AAA0C236ECF8B00DFA393 /* ARSLineProgressExtensions.swift in Sources */ = {isa = PBXBuildFile; fileRef = D69AAA02236ECF8B00DFA393 /* ARSLineProgressExtensions.swift */; };
		D69AAA0D236ECF8B00DFA393 /* ARSLineProgressCustomization.swift in Sources */ = {isa = PBXBuildFile; fileRef = D69AAA03236ECF8B00DFA393 /* ARSLineProgressCustomization.swift */; };
		D69AAA0E236ECF8B00DFA393 /* ARSStatus.swift in Sources */ = {isa = PBXBuildFile; fileRef = D69AAA04236ECF8B00DFA393 /* ARSStatus.swift */; };
		D69AAA0F236ECF8B00DFA393 /* ARSProgressLoader.swift in Sources */ = {isa = PBXBuildFile; fileRef = D69AAA05236ECF8B00DFA393 /* ARSProgressLoader.swift */; };
		D69AAA10236ECF8B00DFA393 /* ARSLineProgressProtocols.swift in Sources */ = {isa = PBXBuildFile; fileRef = D69AAA06236ECF8B00DFA393 /* ARSLineProgressProtocols.swift */; };
		D6CF9CFF22446C2500474876 /* AppDelegate.swift in Sources */ = {isa = PBXBuildFile; fileRef = D6CF9CFE22446C2500474876 /* AppDelegate.swift */; };
		D6CF9D0122446C2500474876 /* ViewController.swift in Sources */ = {isa = PBXBuildFile; fileRef = D6CF9D0022446C2500474876 /* ViewController.swift */; };
		D6CF9D0422446C2500474876 /* Main.storyboard in Resources */ = {isa = PBXBuildFile; fileRef = D6CF9D0222446C2500474876 /* Main.storyboard */; };
		D6CF9D0622446C2600474876 /* Assets.xcassets in Resources */ = {isa = PBXBuildFile; fileRef = D6CF9D0522446C2600474876 /* Assets.xcassets */; };
		D6CF9D0922446C2600474876 /* LaunchScreen.storyboard in Resources */ = {isa = PBXBuildFile; fileRef = D6CF9D0722446C2600474876 /* LaunchScreen.storyboard */; };
		D6CF9D5522446CB700474876 /* PopupViewContainable.swift in Sources */ = {isa = PBXBuildFile; fileRef = D6CF9D3D22446CB700474876 /* PopupViewContainable.swift */; };
		D6CF9D5622446CB700474876 /* ViewType.swift in Sources */ = {isa = PBXBuildFile; fileRef = D6CF9D3E22446CB700474876 /* ViewType.swift */; };
		D6CF9D5722446CB700474876 /* BasePopupViewController.swift in Sources */ = {isa = PBXBuildFile; fileRef = D6CF9D3F22446CB700474876 /* BasePopupViewController.swift */; };
		D6CF9D5822446CB700474876 /* ShapeType.swift in Sources */ = {isa = PBXBuildFile; fileRef = D6CF9D4022446CB700474876 /* ShapeType.swift */; };
		D6CF9D5922446CB700474876 /* PopupWindowManager.swift in Sources */ = {isa = PBXBuildFile; fileRef = D6CF9D4122446CB700474876 /* PopupWindowManager.swift */; };
		D6CF9D5A22446CB700474876 /* PopupContainerWindow.swift in Sources */ = {isa = PBXBuildFile; fileRef = D6CF9D4222446CB700474876 /* PopupContainerWindow.swift */; };
		D6CF9D5B22446CB700474876 /* CGRect+Inset.swift in Sources */ = {isa = PBXBuildFile; fileRef = D6CF9D4422446CB700474876 /* CGRect+Inset.swift */; };
		D6CF9D5C22446CB700474876 /* UIView+Shape.swift in Sources */ = {isa = PBXBuildFile; fileRef = D6CF9D4522446CB700474876 /* UIView+Shape.swift */; };
		D6CF9D5D22446CB700474876 /* PopupViewDirection.swift in Sources */ = {isa = PBXBuildFile; fileRef = D6CF9D4722446CB700474876 /* PopupViewDirection.swift */; };
		D6CF9D5E22446CB700474876 /* PopupItem.swift in Sources */ = {isa = PBXBuildFile; fileRef = D6CF9D4822446CB700474876 /* PopupItem.swift */; };
		D6CF9D5F22446CB700474876 /* PopupContainerView.swift in Sources */ = {isa = PBXBuildFile; fileRef = D6CF9D4922446CB700474876 /* PopupContainerView.swift */; };
		D6CF9D6022446CB700474876 /* DemoPopupView.swift in Sources */ = {isa = PBXBuildFile; fileRef = D6CF9D4C22446CB700474876 /* DemoPopupView.swift */; };
		D6CF9D6122446CB700474876 /* DemoPopupView.xib in Resources */ = {isa = PBXBuildFile; fileRef = D6CF9D4D22446CB700474876 /* DemoPopupView.xib */; };
		D6CF9D6222446CB700474876 /* CustomPopupViewController.swift in Sources */ = {isa = PBXBuildFile; fileRef = D6CF9D4E22446CB700474876 /* CustomPopupViewController.swift */; };
		D6CF9D6322446CB700474876 /* Nibable.swift in Sources */ = {isa = PBXBuildFile; fileRef = D6CF9D4F22446CB700474876 /* Nibable.swift */; };
		D6CF9D6422446CB700474876 /* UIColor+Background.swift in Sources */ = {isa = PBXBuildFile; fileRef = D6CF9D5122446CB700474876 /* UIColor+Background.swift */; };
		D6CF9D6522446CB700474876 /* UIView+Shadow.swift in Sources */ = {isa = PBXBuildFile; fileRef = D6CF9D5222446CB700474876 /* UIView+Shadow.swift */; };
		D6CF9D6722446CCF00474876 /* XYZHUD.swift in Sources */ = {isa = PBXBuildFile; fileRef = D6CF9D6622446CCF00474876 /* XYZHUD.swift */; };
		D6CF9D692244718000474876 /* LICENSE in Resources */ = {isa = PBXBuildFile; fileRef = D6CF9D682244718000474876 /* LICENSE */; };
		D6CF9D6B2244718500474876 /* README.md in Resources */ = {isa = PBXBuildFile; fileRef = D6CF9D6A2244718500474876 /* README.md */; };
		D6CF9D6D224471B500474876 /* XYZHUD.podspec in Resources */ = {isa = PBXBuildFile; fileRef = D6CF9D6C224471B400474876 /* XYZHUD.podspec */; };
/* End PBXBuildFile section */

/* Begin PBXFileReference section */
		A3B6A6C6BEC48A553671BD5C /* Pods-XYZHUD.release.xcconfig */ = {isa = PBXFileReference; includeInIndex = 1; lastKnownFileType = text.xcconfig; name = "Pods-XYZHUD.release.xcconfig"; path = "Target Support Files/Pods-XYZHUD/Pods-XYZHUD.release.xcconfig"; sourceTree = "<group>"; };
		CBBC9BD9C4C006887EE2EA97 /* Pods-XYZHUD.debug.xcconfig */ = {isa = PBXFileReference; includeInIndex = 1; lastKnownFileType = text.xcconfig; name = "Pods-XYZHUD.debug.xcconfig"; path = "Target Support Files/Pods-XYZHUD/Pods-XYZHUD.debug.xcconfig"; sourceTree = "<group>"; };
		D6296A7524B3503E005BDB96 /* WoZai_XYZHUD_Extension.swift */ = {isa = PBXFileReference; lastKnownFileType = sourcecode.swift; path = WoZai_XYZHUD_Extension.swift; sourceTree = "<group>"; };
		D6296A7724B3519C005BDB96 /* XUIVC_extension_SwiftEntryKit.swift */ = {isa = PBXFileReference; lastKnownFileType = sourcecode.swift; path = XUIVC_extension_SwiftEntryKit.swift; sourceTree = "<group>"; };
		D65CF02323CBFE8F007A712F /* XYZHUD_VTLMaker_Extension.swift */ = {isa = PBXFileReference; fileEncoding = 4; lastKnownFileType = sourcecode.swift; path = XYZHUD_VTLMaker_Extension.swift; sourceTree = "<group>"; };
		D65CF02423CBFE8F007A712F /* UIVC_extension_SwiftEntryKit.swift */ = {isa = PBXFileReference; fileEncoding = 4; lastKnownFileType = sourcecode.swift; path = UIVC_extension_SwiftEntryKit.swift; sourceTree = "<group>"; };
		D65CF02823CBFE8F007A712F /* DisplayDurationSelectionTableViewCell.swift */ = {isa = PBXFileReference; fileEncoding = 4; lastKnownFileType = sourcecode.swift; path = DisplayDurationSelectionTableViewCell.swift; sourceTree = "<group>"; };
		D65CF02923CBFE8F007A712F /* UserInteractionSelectionTableViewCell.swift */ = {isa = PBXFileReference; fileEncoding = 4; lastKnownFileType = sourcecode.swift; path = UserInteractionSelectionTableViewCell.swift; sourceTree = "<group>"; };
		D65CF02A23CBFE8F007A712F /* RoundCornersSelectionTableViewCell.swift */ = {isa = PBXFileReference; fileEncoding = 4; lastKnownFileType = sourcecode.swift; path = RoundCornersSelectionTableViewCell.swift; sourceTree = "<group>"; };
		D65CF02B23CBFE8F007A712F /* PositionSelectionTableViewCell.swift */ = {isa = PBXFileReference; fileEncoding = 4; lastKnownFileType = sourcecode.swift; path = PositionSelectionTableViewCell.swift; sourceTree = "<group>"; };
		D65CF02C23CBFE8F007A712F /* HapticFeedbackSelectionTableViewCell.swift */ = {isa = PBXFileReference; fileEncoding = 4; lastKnownFileType = sourcecode.swift; path = HapticFeedbackSelectionTableViewCell.swift; sourceTree = "<group>"; };
		D65CF02D23CBFE8F007A712F /* AnimationSelectionTableViewCell.swift */ = {isa = PBXFileReference; fileEncoding = 4; lastKnownFileType = sourcecode.swift; path = AnimationSelectionTableViewCell.swift; sourceTree = "<group>"; };
		D65CF02E23CBFE8F007A712F /* BorderSelectionTableViewCell.swift */ = {isa = PBXFileReference; fileEncoding = 4; lastKnownFileType = sourcecode.swift; path = BorderSelectionTableViewCell.swift; sourceTree = "<group>"; };
		D65CF02F23CBFE8F007A712F /* HeightSelectionTableViewCell.swift */ = {isa = PBXFileReference; fileEncoding = 4; lastKnownFileType = sourcecode.swift; path = HeightSelectionTableViewCell.swift; sourceTree = "<group>"; };
		D65CF03023CBFE8F007A712F /* ShadowSelectionTableViewCell.swift */ = {isa = PBXFileReference; fileEncoding = 4; lastKnownFileType = sourcecode.swift; path = ShadowSelectionTableViewCell.swift; sourceTree = "<group>"; };
		D65CF03123CBFE8F007A712F /* PrioritySelectionTableViewCell.swift */ = {isa = PBXFileReference; fileEncoding = 4; lastKnownFileType = sourcecode.swift; path = PrioritySelectionTableViewCell.swift; sourceTree = "<group>"; };
		D65CF03223CBFE8F007A712F /* ScrollSelectionTableViewCell.swift */ = {isa = PBXFileReference; fileEncoding = 4; lastKnownFileType = sourcecode.swift; path = ScrollSelectionTableViewCell.swift; sourceTree = "<group>"; };
		D65CF03323CBFE8F007A712F /* SelectionHeaderView.swift */ = {isa = PBXFileReference; fileEncoding = 4; lastKnownFileType = sourcecode.swift; path = SelectionHeaderView.swift; sourceTree = "<group>"; };
		D65CF03423CBFE8F007A712F /* SelectionTableViewCell.swift */ = {isa = PBXFileReference; fileEncoding = 4; lastKnownFileType = sourcecode.swift; path = SelectionTableViewCell.swift; sourceTree = "<group>"; };
		D65CF03523CBFE8F007A712F /* BackgroundStyleSelectionTableViewCell.swift */ = {isa = PBXFileReference; fileEncoding = 4; lastKnownFileType = sourcecode.swift; path = BackgroundStyleSelectionTableViewCell.swift; sourceTree = "<group>"; };
		D65CF03623CBFE8F007A712F /* MaxWidthSelectionTableViewCell.swift */ = {isa = PBXFileReference; fileEncoding = 4; lastKnownFileType = sourcecode.swift; path = MaxWidthSelectionTableViewCell.swift; sourceTree = "<group>"; };
		D65CF03723CBFE8F007A712F /* SafeAreaSelectionTableViewCell.swift */ = {isa = PBXFileReference; fileEncoding = 4; lastKnownFileType = sourcecode.swift; path = SafeAreaSelectionTableViewCell.swift; sourceTree = "<group>"; };
		D65CF03823CBFE8F007A712F /* WidthSelectionTableViewCell.swift */ = {isa = PBXFileReference; fileEncoding = 4; lastKnownFileType = sourcecode.swift; path = WidthSelectionTableViewCell.swift; sourceTree = "<group>"; };
		D65CF03923CBFE8F007A712F /* WindowLevelSelectionTableViewCell.swift */ = {isa = PBXFileReference; fileEncoding = 4; lastKnownFileType = sourcecode.swift; path = WindowLevelSelectionTableViewCell.swift; sourceTree = "<group>"; };
		D65CF03A23CBFE8F007A712F /* EntryAttributeWrapper.swift */ = {isa = PBXFileReference; fileEncoding = 4; lastKnownFileType = sourcecode.swift; path = EntryAttributeWrapper.swift; sourceTree = "<group>"; };
		D65CF03B23CBFE8F007A712F /* PlaygroundViewController.swift */ = {isa = PBXFileReference; fileEncoding = 4; lastKnownFileType = sourcecode.swift; path = PlaygroundViewController.swift; sourceTree = "<group>"; };
		D65CF03D23CBFE8F007A712F /* UIColor+Utils.swift */ = {isa = PBXFileReference; fileEncoding = 4; lastKnownFileType = sourcecode.swift; path = "UIColor+Utils.swift"; sourceTree = "<group>"; };
		D65CF03E23CBFE8F007A712F /* CGRect+Utils.swift */ = {isa = PBXFileReference; fileEncoding = 4; lastKnownFileType = sourcecode.swift; path = "CGRect+Utils.swift"; sourceTree = "<group>"; };
		D65CF03F23CBFE8F007A712F /* UIScreen+Utils.swift */ = {isa = PBXFileReference; fileEncoding = 4; lastKnownFileType = sourcecode.swift; path = "UIScreen+Utils.swift"; sourceTree = "<group>"; };
		D65CF04023CBFE8F007A712F /* Object+ClassName.swift */ = {isa = PBXFileReference; fileEncoding = 4; lastKnownFileType = sourcecode.swift; path = "Object+ClassName.swift"; sourceTree = "<group>"; };
		D65CF04123CBFE8F007A712F /* Font.swift */ = {isa = PBXFileReference; fileEncoding = 4; lastKnownFileType = sourcecode.swift; path = Font.swift; sourceTree = "<group>"; };
		D65CF04223CBFE8F007A712F /* UIView+Nib.swift */ = {isa = PBXFileReference; fileEncoding = 4; lastKnownFileType = sourcecode.swift; path = "UIView+Nib.swift"; sourceTree = "<group>"; };
		D65CF04423CBFE8F007A712F /* PresetsViewController.swift */ = {isa = PBXFileReference; fileEncoding = 4; lastKnownFileType = sourcecode.swift; path = PresetsViewController.swift; sourceTree = "<group>"; };
		D65CF04623CBFE8F007A712F /* PresetsDataSource.swift */ = {isa = PBXFileReference; fileEncoding = 4; lastKnownFileType = sourcecode.swift; path = PresetsDataSource.swift; sourceTree = "<group>"; };
		D65CF04723CBFE8F007A712F /* PresetDescription.swift */ = {isa = PBXFileReference; fileEncoding = 4; lastKnownFileType = sourcecode.swift; path = PresetDescription.swift; sourceTree = "<group>"; };
		D65CF04823CBFE8F007A712F /* PresetTableViewCell.swift */ = {isa = PBXFileReference; fileEncoding = 4; lastKnownFileType = sourcecode.swift; path = PresetTableViewCell.swift; sourceTree = "<group>"; };
		D65CF04B23CBFE8F007A712F /* ExampleViewController.swift */ = {isa = PBXFileReference; fileEncoding = 4; lastKnownFileType = sourcecode.swift; path = ExampleViewController.swift; sourceTree = "<group>"; };
		D65CF04D23CBFE8F007A712F /* NibExampleView.swift */ = {isa = PBXFileReference; fileEncoding = 4; lastKnownFileType = sourcecode.swift; path = NibExampleView.swift; sourceTree = "<group>"; };
		D65CF04E23CBFE8F007A712F /* NibExampleView.xib */ = {isa = PBXFileReference; fileEncoding = 4; lastKnownFileType = file.xib; path = NibExampleView.xib; sourceTree = "<group>"; };
		D65CF05023CBFE8F007A712F /* DescriptionViewController.xib */ = {isa = PBXFileReference; fileEncoding = 4; lastKnownFileType = file.xib; path = DescriptionViewController.xib; sourceTree = "<group>"; };
		D65CF05123CBFE8F007A712F /* DescriptionViewController.swift */ = {isa = PBXFileReference; fileEncoding = 4; lastKnownFileType = sourcecode.swift; path = DescriptionViewController.swift; sourceTree = "<group>"; };
		D65CF05223CBFE8F007A712F /* ExampleNavigationViewController.swift */ = {isa = PBXFileReference; fileEncoding = 4; lastKnownFileType = sourcecode.swift; path = ExampleNavigationViewController.swift; sourceTree = "<group>"; };
		D65CF05323CBFE8F007A712F /* ContactsViewController.swift */ = {isa = PBXFileReference; fileEncoding = 4; lastKnownFileType = sourcecode.swift; path = ContactsViewController.swift; sourceTree = "<group>"; };
		D65CF05423CBFE8F007A712F /* ContactsViewController.xib */ = {isa = PBXFileReference; fileEncoding = 4; lastKnownFileType = file.xib; path = ContactsViewController.xib; sourceTree = "<group>"; };
		D65CF05523CBFE8F007A712F /* FormFieldPresetFactory.swift */ = {isa = PBXFileReference; fileEncoding = 4; lastKnownFileType = sourcecode.swift; path = FormFieldPresetFactory.swift; sourceTree = "<group>"; };
		D6855CB522F3F00F004F0DC0 /* XYZHUD_MBProgress.swift */ = {isa = PBXFileReference; lastKnownFileType = sourcecode.swift; path = XYZHUD_MBProgress.swift; sourceTree = "<group>"; };
		D69AA9FD236ECF8B00DFA393 /* ARSLineProgressHelpers.swift */ = {isa = PBXFileReference; fileEncoding = 4; lastKnownFileType = sourcecode.swift; path = ARSLineProgressHelpers.swift; sourceTree = "<group>"; };
		D69AA9FE236ECF8B00DFA393 /* ARSLineProgressTypeAliases.swift */ = {isa = PBXFileReference; fileEncoding = 4; lastKnownFileType = sourcecode.swift; path = ARSLineProgressTypeAliases.swift; sourceTree = "<group>"; };
		D69AA9FF236ECF8B00DFA393 /* ARSInfiniteLoader.swift */ = {isa = PBXFileReference; fileEncoding = 4; lastKnownFileType = sourcecode.swift; path = ARSInfiniteLoader.swift; sourceTree = "<group>"; };
		D69AAA00236ECF8B00DFA393 /* ARSLineProgressConstants.swift */ = {isa = PBXFileReference; fileEncoding = 4; lastKnownFileType = sourcecode.swift; path = ARSLineProgressConstants.swift; sourceTree = "<group>"; };
		D69AAA01236ECF8B00DFA393 /* ARSLineProgress.swift */ = {isa = PBXFileReference; fileEncoding = 4; lastKnownFileType = sourcecode.swift; path = ARSLineProgress.swift; sourceTree = "<group>"; };
		D69AAA02236ECF8B00DFA393 /* ARSLineProgressExtensions.swift */ = {isa = PBXFileReference; fileEncoding = 4; lastKnownFileType = sourcecode.swift; path = ARSLineProgressExtensions.swift; sourceTree = "<group>"; };
		D69AAA03236ECF8B00DFA393 /* ARSLineProgressCustomization.swift */ = {isa = PBXFileReference; fileEncoding = 4; lastKnownFileType = sourcecode.swift; path = ARSLineProgressCustomization.swift; sourceTree = "<group>"; };
		D69AAA04236ECF8B00DFA393 /* ARSStatus.swift */ = {isa = PBXFileReference; fileEncoding = 4; lastKnownFileType = sourcecode.swift; path = ARSStatus.swift; sourceTree = "<group>"; };
		D69AAA05236ECF8B00DFA393 /* ARSProgressLoader.swift */ = {isa = PBXFileReference; fileEncoding = 4; lastKnownFileType = sourcecode.swift; path = ARSProgressLoader.swift; sourceTree = "<group>"; };
		D69AAA06236ECF8B00DFA393 /* ARSLineProgressProtocols.swift */ = {isa = PBXFileReference; fileEncoding = 4; lastKnownFileType = sourcecode.swift; path = ARSLineProgressProtocols.swift; sourceTree = "<group>"; };
		D6CF9CFB22446C2500474876 /* XYZHUD.app */ = {isa = PBXFileReference; explicitFileType = wrapper.application; includeInIndex = 0; path = XYZHUD.app; sourceTree = BUILT_PRODUCTS_DIR; };
		D6CF9CFE22446C2500474876 /* AppDelegate.swift */ = {isa = PBXFileReference; lastKnownFileType = sourcecode.swift; path = AppDelegate.swift; sourceTree = "<group>"; };
		D6CF9D0022446C2500474876 /* ViewController.swift */ = {isa = PBXFileReference; lastKnownFileType = sourcecode.swift; path = ViewController.swift; sourceTree = "<group>"; };
		D6CF9D0322446C2500474876 /* Base */ = {isa = PBXFileReference; lastKnownFileType = file.storyboard; name = Base; path = Base.lproj/Main.storyboard; sourceTree = "<group>"; };
		D6CF9D0522446C2600474876 /* Assets.xcassets */ = {isa = PBXFileReference; lastKnownFileType = folder.assetcatalog; path = Assets.xcassets; sourceTree = "<group>"; };
		D6CF9D0822446C2600474876 /* Base */ = {isa = PBXFileReference; lastKnownFileType = file.storyboard; name = Base; path = Base.lproj/LaunchScreen.storyboard; sourceTree = "<group>"; };
		D6CF9D0A22446C2600474876 /* Info.plist */ = {isa = PBXFileReference; lastKnownFileType = text.plist.xml; path = Info.plist; sourceTree = "<group>"; };
		D6CF9D3D22446CB700474876 /* PopupViewContainable.swift */ = {isa = PBXFileReference; fileEncoding = 4; lastKnownFileType = sourcecode.swift; path = PopupViewContainable.swift; sourceTree = "<group>"; };
		D6CF9D3E22446CB700474876 /* ViewType.swift */ = {isa = PBXFileReference; fileEncoding = 4; lastKnownFileType = sourcecode.swift; path = ViewType.swift; sourceTree = "<group>"; };
		D6CF9D3F22446CB700474876 /* BasePopupViewController.swift */ = {isa = PBXFileReference; fileEncoding = 4; lastKnownFileType = sourcecode.swift; path = BasePopupViewController.swift; sourceTree = "<group>"; };
		D6CF9D4022446CB700474876 /* ShapeType.swift */ = {isa = PBXFileReference; fileEncoding = 4; lastKnownFileType = sourcecode.swift; path = ShapeType.swift; sourceTree = "<group>"; };
		D6CF9D4122446CB700474876 /* PopupWindowManager.swift */ = {isa = PBXFileReference; fileEncoding = 4; lastKnownFileType = sourcecode.swift; path = PopupWindowManager.swift; sourceTree = "<group>"; };
		D6CF9D4222446CB700474876 /* PopupContainerWindow.swift */ = {isa = PBXFileReference; fileEncoding = 4; lastKnownFileType = sourcecode.swift; path = PopupContainerWindow.swift; sourceTree = "<group>"; };
		D6CF9D4422446CB700474876 /* CGRect+Inset.swift */ = {isa = PBXFileReference; fileEncoding = 4; lastKnownFileType = sourcecode.swift; path = "CGRect+Inset.swift"; sourceTree = "<group>"; };
		D6CF9D4522446CB700474876 /* UIView+Shape.swift */ = {isa = PBXFileReference; fileEncoding = 4; lastKnownFileType = sourcecode.swift; path = "UIView+Shape.swift"; sourceTree = "<group>"; };
		D6CF9D4622446CB700474876 /* PopupWindow.h */ = {isa = PBXFileReference; fileEncoding = 4; lastKnownFileType = sourcecode.c.h; path = PopupWindow.h; sourceTree = "<group>"; };
		D6CF9D4722446CB700474876 /* PopupViewDirection.swift */ = {isa = PBXFileReference; fileEncoding = 4; lastKnownFileType = sourcecode.swift; path = PopupViewDirection.swift; sourceTree = "<group>"; };
		D6CF9D4822446CB700474876 /* PopupItem.swift */ = {isa = PBXFileReference; fileEncoding = 4; lastKnownFileType = sourcecode.swift; path = PopupItem.swift; sourceTree = "<group>"; };
		D6CF9D4922446CB700474876 /* PopupContainerView.swift */ = {isa = PBXFileReference; fileEncoding = 4; lastKnownFileType = sourcecode.swift; path = PopupContainerView.swift; sourceTree = "<group>"; };
		D6CF9D4C22446CB700474876 /* DemoPopupView.swift */ = {isa = PBXFileReference; fileEncoding = 4; lastKnownFileType = sourcecode.swift; path = DemoPopupView.swift; sourceTree = "<group>"; };
		D6CF9D4D22446CB700474876 /* DemoPopupView.xib */ = {isa = PBXFileReference; fileEncoding = 4; lastKnownFileType = file.xib; path = DemoPopupView.xib; sourceTree = "<group>"; };
		D6CF9D4E22446CB700474876 /* CustomPopupViewController.swift */ = {isa = PBXFileReference; fileEncoding = 4; lastKnownFileType = sourcecode.swift; path = CustomPopupViewController.swift; sourceTree = "<group>"; };
		D6CF9D4F22446CB700474876 /* Nibable.swift */ = {isa = PBXFileReference; fileEncoding = 4; lastKnownFileType = sourcecode.swift; path = Nibable.swift; sourceTree = "<group>"; };
		D6CF9D5122446CB700474876 /* UIColor+Background.swift */ = {isa = PBXFileReference; fileEncoding = 4; lastKnownFileType = sourcecode.swift; path = "UIColor+Background.swift"; sourceTree = "<group>"; };
		D6CF9D5222446CB700474876 /* UIView+Shadow.swift */ = {isa = PBXFileReference; fileEncoding = 4; lastKnownFileType = sourcecode.swift; path = "UIView+Shadow.swift"; sourceTree = "<group>"; };
		D6CF9D6622446CCF00474876 /* XYZHUD.swift */ = {isa = PBXFileReference; fileEncoding = 4; lastKnownFileType = sourcecode.swift; path = XYZHUD.swift; sourceTree = "<group>"; };
		D6CF9D682244718000474876 /* LICENSE */ = {isa = PBXFileReference; fileEncoding = 4; lastKnownFileType = text; path = LICENSE; sourceTree = "<group>"; };
		D6CF9D6A2244718500474876 /* README.md */ = {isa = PBXFileReference; fileEncoding = 4; lastKnownFileType = net.daringfireball.markdown; path = README.md; sourceTree = "<group>"; };
		D6CF9D6C224471B400474876 /* XYZHUD.podspec */ = {isa = PBXFileReference; fileEncoding = 4; lastKnownFileType = text; path = XYZHUD.podspec; sourceTree = "<group>"; };
		FC9ACD727EE71B325DE3390E /* Pods_XYZHUD.framework */ = {isa = PBXFileReference; explicitFileType = wrapper.framework; includeInIndex = 0; path = Pods_XYZHUD.framework; sourceTree = BUILT_PRODUCTS_DIR; };
/* End PBXFileReference section */

/* Begin PBXFrameworksBuildPhase section */
		D6CF9CF822446C2500474876 /* Frameworks */ = {
			isa = PBXFrameworksBuildPhase;
			buildActionMask = 2147483647;
			files = (
				5E20555319259E8153C1358E /* Pods_XYZHUD.framework in Frameworks */,
			);
			runOnlyForDeploymentPostprocessing = 0;
		};
/* End PBXFrameworksBuildPhase section */

/* Begin PBXGroup section */
		AD8EBA337359CE4DD6C92AC3 /* Pods */ = {
			isa = PBXGroup;
			children = (
				CBBC9BD9C4C006887EE2EA97 /* Pods-XYZHUD.debug.xcconfig */,
				A3B6A6C6BEC48A553671BD5C /* Pods-XYZHUD.release.xcconfig */,
			);
			path = Pods;
			sourceTree = "<group>";
		};
		D65CF02223CBFE8F007A712F /* SwiftEntry_XYZHUD_VTLMaker */ = {
			isa = PBXGroup;
			children = (
				D65CF02323CBFE8F007A712F /* XYZHUD_VTLMaker_Extension.swift */,
				D65CF02423CBFE8F007A712F /* UIVC_extension_SwiftEntryKit.swift */,
			);
			path = SwiftEntry_XYZHUD_VTLMaker;
			sourceTree = "<group>";
		};
		D65CF02523CBFE8F007A712F /* SwiftEntry_PodNeed */ = {
			isa = PBXGroup;
			children = (
				D65CF02623CBFE8F007A712F /* Playground */,
				D65CF03C23CBFE8F007A712F /* Utils */,
				D65CF04323CBFE8F007A712F /* Presets */,
			);
			path = SwiftEntry_PodNeed;
			sourceTree = "<group>";
		};
		D65CF02623CBFE8F007A712F /* Playground */ = {
			isa = PBXGroup;
			children = (
				D65CF02723CBFE8F007A712F /* Cells */,
				D65CF03A23CBFE8F007A712F /* EntryAttributeWrapper.swift */,
				D65CF03B23CBFE8F007A712F /* PlaygroundViewController.swift */,
			);
			path = Playground;
			sourceTree = "<group>";
		};
		D65CF02723CBFE8F007A712F /* Cells */ = {
			isa = PBXGroup;
			children = (
				D65CF02823CBFE8F007A712F /* DisplayDurationSelectionTableViewCell.swift */,
				D65CF02923CBFE8F007A712F /* UserInteractionSelectionTableViewCell.swift */,
				D65CF02A23CBFE8F007A712F /* RoundCornersSelectionTableViewCell.swift */,
				D65CF02B23CBFE8F007A712F /* PositionSelectionTableViewCell.swift */,
				D65CF02C23CBFE8F007A712F /* HapticFeedbackSelectionTableViewCell.swift */,
				D65CF02D23CBFE8F007A712F /* AnimationSelectionTableViewCell.swift */,
				D65CF02E23CBFE8F007A712F /* BorderSelectionTableViewCell.swift */,
				D65CF02F23CBFE8F007A712F /* HeightSelectionTableViewCell.swift */,
				D65CF03023CBFE8F007A712F /* ShadowSelectionTableViewCell.swift */,
				D65CF03123CBFE8F007A712F /* PrioritySelectionTableViewCell.swift */,
				D65CF03223CBFE8F007A712F /* ScrollSelectionTableViewCell.swift */,
				D65CF03323CBFE8F007A712F /* SelectionHeaderView.swift */,
				D65CF03423CBFE8F007A712F /* SelectionTableViewCell.swift */,
				D65CF03523CBFE8F007A712F /* BackgroundStyleSelectionTableViewCell.swift */,
				D65CF03623CBFE8F007A712F /* MaxWidthSelectionTableViewCell.swift */,
				D65CF03723CBFE8F007A712F /* SafeAreaSelectionTableViewCell.swift */,
				D65CF03823CBFE8F007A712F /* WidthSelectionTableViewCell.swift */,
				D65CF03923CBFE8F007A712F /* WindowLevelSelectionTableViewCell.swift */,
			);
			path = Cells;
			sourceTree = "<group>";
		};
		D65CF03C23CBFE8F007A712F /* Utils */ = {
			isa = PBXGroup;
			children = (
				D65CF03D23CBFE8F007A712F /* UIColor+Utils.swift */,
				D65CF03E23CBFE8F007A712F /* CGRect+Utils.swift */,
				D65CF03F23CBFE8F007A712F /* UIScreen+Utils.swift */,
				D65CF04023CBFE8F007A712F /* Object+ClassName.swift */,
				D65CF04123CBFE8F007A712F /* Font.swift */,
				D65CF04223CBFE8F007A712F /* UIView+Nib.swift */,
			);
			path = Utils;
			sourceTree = "<group>";
		};
		D65CF04323CBFE8F007A712F /* Presets */ = {
			isa = PBXGroup;
			children = (
				D65CF04423CBFE8F007A712F /* PresetsViewController.swift */,
				D65CF04523CBFE8F007A712F /* PresetsData */,
				D65CF04823CBFE8F007A712F /* PresetTableViewCell.swift */,
				D65CF04923CBFE8F007A712F /* Samples */,
				D65CF05523CBFE8F007A712F /* FormFieldPresetFactory.swift */,
			);
			path = Presets;
			sourceTree = "<group>";
		};
		D65CF04523CBFE8F007A712F /* PresetsData */ = {
			isa = PBXGroup;
			children = (
				D65CF04623CBFE8F007A712F /* PresetsDataSource.swift */,
				D65CF04723CBFE8F007A712F /* PresetDescription.swift */,
			);
			path = PresetsData;
			sourceTree = "<group>";
		};
		D65CF04923CBFE8F007A712F /* Samples */ = {
			isa = PBXGroup;
			children = (
				D65CF04A23CBFE8F007A712F /* ExampleViewController */,
				D65CF04C23CBFE8F007A712F /* NibExampleView */,
				D65CF04F23CBFE8F007A712F /* ExampleNavigationController */,
			);
			path = Samples;
			sourceTree = "<group>";
		};
		D65CF04A23CBFE8F007A712F /* ExampleViewController */ = {
			isa = PBXGroup;
			children = (
				D65CF04B23CBFE8F007A712F /* ExampleViewController.swift */,
			);
			path = ExampleViewController;
			sourceTree = "<group>";
		};
		D65CF04C23CBFE8F007A712F /* NibExampleView */ = {
			isa = PBXGroup;
			children = (
				D65CF04D23CBFE8F007A712F /* NibExampleView.swift */,
				D65CF04E23CBFE8F007A712F /* NibExampleView.xib */,
			);
			path = NibExampleView;
			sourceTree = "<group>";
		};
		D65CF04F23CBFE8F007A712F /* ExampleNavigationController */ = {
			isa = PBXGroup;
			children = (
				D65CF05023CBFE8F007A712F /* DescriptionViewController.xib */,
				D65CF05123CBFE8F007A712F /* DescriptionViewController.swift */,
				D65CF05223CBFE8F007A712F /* ExampleNavigationViewController.swift */,
				D65CF05323CBFE8F007A712F /* ContactsViewController.swift */,
				D65CF05423CBFE8F007A712F /* ContactsViewController.xib */,
			);
			path = ExampleNavigationController;
			sourceTree = "<group>";
		};
		D69AA9FC236ECF8B00DFA393 /* ARSLineProgress_Source */ = {
			isa = PBXGroup;
			children = (
				D69AA9FD236ECF8B00DFA393 /* ARSLineProgressHelpers.swift */,
				D69AA9FE236ECF8B00DFA393 /* ARSLineProgressTypeAliases.swift */,
				D69AA9FF236ECF8B00DFA393 /* ARSInfiniteLoader.swift */,
				D69AAA00236ECF8B00DFA393 /* ARSLineProgressConstants.swift */,
				D69AAA01236ECF8B00DFA393 /* ARSLineProgress.swift */,
				D69AAA02236ECF8B00DFA393 /* ARSLineProgressExtensions.swift */,
				D69AAA03236ECF8B00DFA393 /* ARSLineProgressCustomization.swift */,
				D69AAA04236ECF8B00DFA393 /* ARSStatus.swift */,
				D69AAA05236ECF8B00DFA393 /* ARSProgressLoader.swift */,
				D69AAA06236ECF8B00DFA393 /* ARSLineProgressProtocols.swift */,
			);
			path = ARSLineProgress_Source;
			sourceTree = "<group>";
		};
		D6CF9CF222446C2500474876 = {
			isa = PBXGroup;
			children = (
				D6CF9D6A2244718500474876 /* README.md */,
				D6CF9D682244718000474876 /* LICENSE */,
				D6CF9D6C224471B400474876 /* XYZHUD.podspec */,
				D6CF9CFD22446C2500474876 /* XYZHUD */,
				D6CF9CFC22446C2500474876 /* Products */,
				AD8EBA337359CE4DD6C92AC3 /* Pods */,
				E841D467008527B4655815A0 /* Frameworks */,
			);
			sourceTree = "<group>";
		};
		D6CF9CFC22446C2500474876 /* Products */ = {
			isa = PBXGroup;
			children = (
				D6CF9CFB22446C2500474876 /* XYZHUD.app */,
			);
			name = Products;
			sourceTree = "<group>";
		};
		D6CF9CFD22446C2500474876 /* XYZHUD */ = {
			isa = PBXGroup;
			children = (
				D6CF9CFE22446C2500474876 /* AppDelegate.swift */,
				D6CF9D0022446C2500474876 /* ViewController.swift */,
				D6CF9D0222446C2500474876 /* Main.storyboard */,
				D65CF02223CBFE8F007A712F /* SwiftEntry_XYZHUD_VTLMaker */,
				D65CF02523CBFE8F007A712F /* SwiftEntry_PodNeed */,
				D6CF9D3B22446CB700474876 /* Source */,
				D6CF9D0522446C2600474876 /* Assets.xcassets */,
				D6CF9D0A22446C2600474876 /* Info.plist */,
				D6CF9D0722446C2600474876 /* LaunchScreen.storyboard */,
			);
			path = XYZHUD;
			sourceTree = "<group>";
		};
		D6CF9D3B22446CB700474876 /* Source */ = {
			isa = PBXGroup;
			children = (
				D6296A7724B3519C005BDB96 /* XUIVC_extension_SwiftEntryKit.swift */,
				D6296A7524B3503E005BDB96 /* WoZai_XYZHUD_Extension.swift */,
				D6855CB522F3F00F004F0DC0 /* XYZHUD_MBProgress.swift */,
				D6CF9D6622446CCF00474876 /* XYZHUD.swift */,
				D69AA9FC236ECF8B00DFA393 /* ARSLineProgress_Source */,
				D6CF9D3C22446CB700474876 /* PopupWindow */,
				D6CF9D4A22446CB700474876 /* Custom */,
			);
			path = Source;
			sourceTree = "<group>";
		};
		D6CF9D3C22446CB700474876 /* PopupWindow */ = {
			isa = PBXGroup;
			children = (
				D6CF9D3D22446CB700474876 /* PopupViewContainable.swift */,
				D6CF9D3E22446CB700474876 /* ViewType.swift */,
				D6CF9D3F22446CB700474876 /* BasePopupViewController.swift */,
				D6CF9D4022446CB700474876 /* ShapeType.swift */,
				D6CF9D4122446CB700474876 /* PopupWindowManager.swift */,
				D6CF9D4222446CB700474876 /* PopupContainerWindow.swift */,
				D6CF9D4322446CB700474876 /* Extensions */,
				D6CF9D4622446CB700474876 /* PopupWindow.h */,
				D6CF9D4722446CB700474876 /* PopupViewDirection.swift */,
				D6CF9D4822446CB700474876 /* PopupItem.swift */,
				D6CF9D4922446CB700474876 /* PopupContainerView.swift */,
			);
			path = PopupWindow;
			sourceTree = "<group>";
		};
		D6CF9D4322446CB700474876 /* Extensions */ = {
			isa = PBXGroup;
			children = (
				D6CF9D4422446CB700474876 /* CGRect+Inset.swift */,
				D6CF9D4522446CB700474876 /* UIView+Shape.swift */,
			);
			path = Extensions;
			sourceTree = "<group>";
		};
		D6CF9D4A22446CB700474876 /* Custom */ = {
			isa = PBXGroup;
			children = (
				D6CF9D4B22446CB700474876 /* Popup */,
				D6CF9D5022446CB700474876 /* Extension */,
			);
			path = Custom;
			sourceTree = "<group>";
		};
		D6CF9D4B22446CB700474876 /* Popup */ = {
			isa = PBXGroup;
			children = (
				D6CF9D4C22446CB700474876 /* DemoPopupView.swift */,
				D6CF9D4D22446CB700474876 /* DemoPopupView.xib */,
				D6CF9D4E22446CB700474876 /* CustomPopupViewController.swift */,
				D6CF9D4F22446CB700474876 /* Nibable.swift */,
			);
			path = Popup;
			sourceTree = "<group>";
		};
		D6CF9D5022446CB700474876 /* Extension */ = {
			isa = PBXGroup;
			children = (
				D6CF9D5122446CB700474876 /* UIColor+Background.swift */,
				D6CF9D5222446CB700474876 /* UIView+Shadow.swift */,
			);
			path = Extension;
			sourceTree = "<group>";
		};
		E841D467008527B4655815A0 /* Frameworks */ = {
			isa = PBXGroup;
			children = (
				FC9ACD727EE71B325DE3390E /* Pods_XYZHUD.framework */,
			);
			name = Frameworks;
			sourceTree = "<group>";
		};
/* End PBXGroup section */

/* Begin PBXNativeTarget section */
		D6CF9CFA22446C2500474876 /* XYZHUD */ = {
			isa = PBXNativeTarget;
			buildConfigurationList = D6CF9D0D22446C2600474876 /* Build configuration list for PBXNativeTarget "XYZHUD" */;
			buildPhases = (
				707472E28050150E18964499 /* [CP] Check Pods Manifest.lock */,
				D6CF9CF722446C2500474876 /* Sources */,
				D6CF9CF822446C2500474876 /* Frameworks */,
				D6CF9CF922446C2500474876 /* Resources */,
				6B3F1E9438C41615626488FB /* [CP] Embed Pods Frameworks */,
			);
			buildRules = (
			);
			dependencies = (
			);
			name = XYZHUD;
			productName = XYZHUD;
			productReference = D6CF9CFB22446C2500474876 /* XYZHUD.app */;
			productType = "com.apple.product-type.application";
		};
/* End PBXNativeTarget section */

/* Begin PBXProject section */
		D6CF9CF322446C2500474876 /* Project object */ = {
			isa = PBXProject;
			attributes = {
				LastSwiftUpdateCheck = 1010;
				LastUpgradeCheck = 1010;
				ORGANIZATIONNAME = "张子豪";
				TargetAttributes = {
					D6CF9CFA22446C2500474876 = {
						CreatedOnToolsVersion = 10.1;
					};
				};
			};
			buildConfigurationList = D6CF9CF622446C2500474876 /* Build configuration list for PBXProject "XYZHUD" */;
			compatibilityVersion = "Xcode 9.3";
			developmentRegion = en;
			hasScannedForEncodings = 0;
			knownRegions = (
				en,
				Base,
			);
			mainGroup = D6CF9CF222446C2500474876;
			productRefGroup = D6CF9CFC22446C2500474876 /* Products */;
			projectDirPath = "";
			projectRoot = "";
			targets = (
				D6CF9CFA22446C2500474876 /* XYZHUD */,
			);
		};
/* End PBXProject section */

/* Begin PBXResourcesBuildPhase section */
		D6CF9CF922446C2500474876 /* Resources */ = {
			isa = PBXResourcesBuildPhase;
			buildActionMask = 2147483647;
			files = (
				D6CF9D6B2244718500474876 /* README.md in Resources */,
				D6CF9D0922446C2600474876 /* LaunchScreen.storyboard in Resources */,
				D6CF9D0622446C2600474876 /* Assets.xcassets in Resources */,
				D65CF07923CBFE8F007A712F /* DescriptionViewController.xib in Resources */,
				D65CF07823CBFE8F007A712F /* NibExampleView.xib in Resources */,
				D6CF9D6D224471B500474876 /* XYZHUD.podspec in Resources */,
				D6CF9D6122446CB700474876 /* DemoPopupView.xib in Resources */,
				D6CF9D0422446C2500474876 /* Main.storyboard in Resources */,
				D6CF9D692244718000474876 /* LICENSE in Resources */,
				D65CF07D23CBFE8F007A712F /* ContactsViewController.xib in Resources */,
			);
			runOnlyForDeploymentPostprocessing = 0;
		};
/* End PBXResourcesBuildPhase section */

/* Begin PBXShellScriptBuildPhase section */
		6B3F1E9438C41615626488FB /* [CP] Embed Pods Frameworks */ = {
			isa = PBXShellScriptBuildPhase;
			buildActionMask = 2147483647;
			files = (
			);
			inputFileListPaths = (
				"${PODS_ROOT}/Target Support Files/Pods-XYZHUD/Pods-XYZHUD-frameworks-${CONFIGURATION}-input-files.xcfilelist",
			);
			name = "[CP] Embed Pods Frameworks";
			outputFileListPaths = (
				"${PODS_ROOT}/Target Support Files/Pods-XYZHUD/Pods-XYZHUD-frameworks-${CONFIGURATION}-output-files.xcfilelist",
			);
			runOnlyForDeploymentPostprocessing = 0;
			shellPath = /bin/sh;
			shellScript = "\"${PODS_ROOT}/Target Support Files/Pods-XYZHUD/Pods-XYZHUD-frameworks.sh\"\n";
			showEnvVarsInLog = 0;
		};
		707472E28050150E18964499 /* [CP] Check Pods Manifest.lock */ = {
			isa = PBXShellScriptBuildPhase;
			buildActionMask = 2147483647;
			files = (
			);
			inputFileListPaths = (
			);
			inputPaths = (
				"${PODS_PODFILE_DIR_PATH}/Podfile.lock",
				"${PODS_ROOT}/Manifest.lock",
			);
			name = "[CP] Check Pods Manifest.lock";
			outputFileListPaths = (
			);
			outputPaths = (
				"$(DERIVED_FILE_DIR)/Pods-XYZHUD-checkManifestLockResult.txt",
			);
			runOnlyForDeploymentPostprocessing = 0;
			shellPath = /bin/sh;
			shellScript = "diff \"${PODS_PODFILE_DIR_PATH}/Podfile.lock\" \"${PODS_ROOT}/Manifest.lock\" > /dev/null\nif [ $? != 0 ] ; then\n    # print error to STDERR\n    echo \"error: The sandbox is not in sync with the Podfile.lock. Run 'pod install' or update your CocoaPods installation.\" >&2\n    exit 1\nfi\n# This output is used by Xcode 'outputs' to avoid re-running this script phase.\necho \"SUCCESS\" > \"${SCRIPT_OUTPUT_FILE_0}\"\n";
			showEnvVarsInLog = 0;
		};
/* End PBXShellScriptBuildPhase section */

/* Begin PBXSourcesBuildPhase section */
		D6CF9CF722446C2500474876 /* Sources */ = {
			isa = PBXSourcesBuildPhase;
			buildActionMask = 2147483647;
			files = (
				D69AAA0D236ECF8B00DFA393 /* ARSLineProgressCustomization.swift in Sources */,
				D65CF05D23CBFE8F007A712F /* AnimationSelectionTableViewCell.swift in Sources */,
				D69AAA10236ECF8B00DFA393 /* ARSLineProgressProtocols.swift in Sources */,
				D6CF9D6222446CB700474876 /* CustomPopupViewController.swift in Sources */,
				D69AAA0A236ECF8B00DFA393 /* ARSLineProgressConstants.swift in Sources */,
				D6CF9D0122446C2500474876 /* ViewController.swift in Sources */,
				D6CF9D5822446CB700474876 /* ShapeType.swift in Sources */,
				D6CF9D5922446CB700474876 /* PopupWindowManager.swift in Sources */,
				D65CF07123CBFE8F007A712F /* UIView+Nib.swift in Sources */,
				D65CF05E23CBFE8F007A712F /* BorderSelectionTableViewCell.swift in Sources */,
				D6CF9CFF22446C2500474876 /* AppDelegate.swift in Sources */,
				D6855CB622F3F00F004F0DC0 /* XYZHUD_MBProgress.swift in Sources */,
				D65CF06D23CBFE8F007A712F /* CGRect+Utils.swift in Sources */,
				D69AAA0E236ECF8B00DFA393 /* ARSStatus.swift in Sources */,
				D69AAA0C236ECF8B00DFA393 /* ARSLineProgressExtensions.swift in Sources */,
				D69AAA08236ECF8B00DFA393 /* ARSLineProgressTypeAliases.swift in Sources */,
				D65CF06A23CBFE8F007A712F /* EntryAttributeWrapper.swift in Sources */,
				D6CF9D6422446CB700474876 /* UIColor+Background.swift in Sources */,
				D69AAA0F236ECF8B00DFA393 /* ARSProgressLoader.swift in Sources */,
				D65CF06B23CBFE8F007A712F /* PlaygroundViewController.swift in Sources */,
				D65CF06723CBFE8F007A712F /* SafeAreaSelectionTableViewCell.swift in Sources */,
				D65CF05723CBFE8F007A712F /* UIVC_extension_SwiftEntryKit.swift in Sources */,
				D65CF06223CBFE8F007A712F /* ScrollSelectionTableViewCell.swift in Sources */,
				D6CF9D6322446CB700474876 /* Nibable.swift in Sources */,
				D65CF07023CBFE8F007A712F /* Font.swift in Sources */,
				D6CF9D5C22446CB700474876 /* UIView+Shape.swift in Sources */,
				D6CF9D5F22446CB700474876 /* PopupContainerView.swift in Sources */,
				D65CF06E23CBFE8F007A712F /* UIScreen+Utils.swift in Sources */,
				D65CF07A23CBFE8F007A712F /* DescriptionViewController.swift in Sources */,
				D69AAA09236ECF8B00DFA393 /* ARSInfiniteLoader.swift in Sources */,
				D65CF07423CBFE8F007A712F /* PresetDescription.swift in Sources */,
				D65CF06823CBFE8F007A712F /* WidthSelectionTableViewCell.swift in Sources */,
				D65CF07223CBFE8F007A712F /* PresetsViewController.swift in Sources */,
				D65CF06623CBFE8F007A712F /* MaxWidthSelectionTableViewCell.swift in Sources */,
				D6296A7624B3503E005BDB96 /* WoZai_XYZHUD_Extension.swift in Sources */,
				D65CF05623CBFE8F007A712F /* XYZHUD_VTLMaker_Extension.swift in Sources */,
				D65CF06123CBFE8F007A712F /* PrioritySelectionTableViewCell.swift in Sources */,
				D6CF9D5B22446CB700474876 /* CGRect+Inset.swift in Sources */,
				D69AAA07236ECF8B00DFA393 /* ARSLineProgressHelpers.swift in Sources */,
				D65CF06523CBFE8F007A712F /* BackgroundStyleSelectionTableViewCell.swift in Sources */,
				D6296A7824B3519C005BDB96 /* XUIVC_extension_SwiftEntryKit.swift in Sources */,
				D65CF07B23CBFE8F007A712F /* ExampleNavigationViewController.swift in Sources */,
				D65CF06F23CBFE8F007A712F /* Object+ClassName.swift in Sources */,
				D6CF9D5A22446CB700474876 /* PopupContainerWindow.swift in Sources */,
				D6CF9D6022446CB700474876 /* DemoPopupView.swift in Sources */,
				D6CF9D5622446CB700474876 /* ViewType.swift in Sources */,
				D6CF9D5522446CB700474876 /* PopupViewContainable.swift in Sources */,
				D65CF05923CBFE8F007A712F /* UserInteractionSelectionTableViewCell.swift in Sources */,
				D65CF07523CBFE8F007A712F /* PresetTableViewCell.swift in Sources */,
				D65CF06C23CBFE8F007A712F /* UIColor+Utils.swift in Sources */,
				D6CF9D5E22446CB700474876 /* PopupItem.swift in Sources */,
				D65CF07723CBFE8F007A712F /* NibExampleView.swift in Sources */,
				D6CF9D6722446CCF00474876 /* XYZHUD.swift in Sources */,
				D65CF06423CBFE8F007A712F /* SelectionTableViewCell.swift in Sources */,
				D65CF07323CBFE8F007A712F /* PresetsDataSource.swift in Sources */,
				D65CF05C23CBFE8F007A712F /* HapticFeedbackSelectionTableViewCell.swift in Sources */,
				D65CF07E23CBFE8F007A712F /* FormFieldPresetFactory.swift in Sources */,
				D65CF05B23CBFE8F007A712F /* PositionSelectionTableViewCell.swift in Sources */,
				D6CF9D5D22446CB700474876 /* PopupViewDirection.swift in Sources */,
				D65CF07C23CBFE8F007A712F /* ContactsViewController.swift in Sources */,
				D65CF07623CBFE8F007A712F /* ExampleViewController.swift in Sources */,
				D65CF06023CBFE8F007A712F /* ShadowSelectionTableViewCell.swift in Sources */,
				D69AAA0B236ECF8B00DFA393 /* ARSLineProgress.swift in Sources */,
				D65CF06923CBFE8F007A712F /* WindowLevelSelectionTableViewCell.swift in Sources */,
				D65CF05F23CBFE8F007A712F /* HeightSelectionTableViewCell.swift in Sources */,
				D6CF9D6522446CB700474876 /* UIView+Shadow.swift in Sources */,
				D65CF05823CBFE8F007A712F /* DisplayDurationSelectionTableViewCell.swift in Sources */,
				D6CF9D5722446CB700474876 /* BasePopupViewController.swift in Sources */,
				D65CF06323CBFE8F007A712F /* SelectionHeaderView.swift in Sources */,
				D65CF05A23CBFE8F007A712F /* RoundCornersSelectionTableViewCell.swift in Sources */,
			);
			runOnlyForDeploymentPostprocessing = 0;
		};
/* End PBXSourcesBuildPhase section */

/* Begin PBXVariantGroup section */
		D6CF9D0222446C2500474876 /* Main.storyboard */ = {
			isa = PBXVariantGroup;
			children = (
				D6CF9D0322446C2500474876 /* Base */,
			);
			name = Main.storyboard;
			sourceTree = "<group>";
		};
		D6CF9D0722446C2600474876 /* LaunchScreen.storyboard */ = {
			isa = PBXVariantGroup;
			children = (
				D6CF9D0822446C2600474876 /* Base */,
			);
			name = LaunchScreen.storyboard;
			sourceTree = "<group>";
		};
/* End PBXVariantGroup section */

/* Begin XCBuildConfiguration section */
		D6CF9D0B22446C2600474876 /* Debug */ = {
			isa = XCBuildConfiguration;
			buildSettings = {
				ALWAYS_SEARCH_USER_PATHS = NO;
				CLANG_ANALYZER_NONNULL = YES;
				CLANG_ANALYZER_NUMBER_OBJECT_CONVERSION = YES_AGGRESSIVE;
				CLANG_CXX_LANGUAGE_STANDARD = "gnu++14";
				CLANG_CXX_LIBRARY = "libc++";
				CLANG_ENABLE_MODULES = YES;
				CLANG_ENABLE_OBJC_ARC = YES;
				CLANG_ENABLE_OBJC_WEAK = YES;
				CLANG_WARN_BLOCK_CAPTURE_AUTORELEASING = YES;
				CLANG_WARN_BOOL_CONVERSION = YES;
				CLANG_WARN_COMMA = YES;
				CLANG_WARN_CONSTANT_CONVERSION = YES;
				CLANG_WARN_DEPRECATED_OBJC_IMPLEMENTATIONS = YES;
				CLANG_WARN_DIRECT_OBJC_ISA_USAGE = YES_ERROR;
				CLANG_WARN_DOCUMENTATION_COMMENTS = YES;
				CLANG_WARN_EMPTY_BODY = YES;
				CLANG_WARN_ENUM_CONVERSION = YES;
				CLANG_WARN_INFINITE_RECURSION = YES;
				CLANG_WARN_INT_CONVERSION = YES;
				CLANG_WARN_NON_LITERAL_NULL_CONVERSION = YES;
				CLANG_WARN_OBJC_IMPLICIT_RETAIN_SELF = YES;
				CLANG_WARN_OBJC_LITERAL_CONVERSION = YES;
				CLANG_WARN_OBJC_ROOT_CLASS = YES_ERROR;
				CLANG_WARN_RANGE_LOOP_ANALYSIS = YES;
				CLANG_WARN_STRICT_PROTOTYPES = YES;
				CLANG_WARN_SUSPICIOUS_MOVE = YES;
				CLANG_WARN_UNGUARDED_AVAILABILITY = YES_AGGRESSIVE;
				CLANG_WARN_UNREACHABLE_CODE = YES;
				CLANG_WARN__DUPLICATE_METHOD_MATCH = YES;
				CODE_SIGN_IDENTITY = "iPhone Developer";
				COPY_PHASE_STRIP = NO;
				DEBUG_INFORMATION_FORMAT = dwarf;
				ENABLE_STRICT_OBJC_MSGSEND = YES;
				ENABLE_TESTABILITY = YES;
				GCC_C_LANGUAGE_STANDARD = gnu11;
				GCC_DYNAMIC_NO_PIC = NO;
				GCC_NO_COMMON_BLOCKS = YES;
				GCC_OPTIMIZATION_LEVEL = 0;
				GCC_PREPROCESSOR_DEFINITIONS = (
					"DEBUG=1",
					"$(inherited)",
				);
				GCC_WARN_64_TO_32_BIT_CONVERSION = YES;
				GCC_WARN_ABOUT_RETURN_TYPE = YES_ERROR;
				GCC_WARN_UNDECLARED_SELECTOR = YES;
				GCC_WARN_UNINITIALIZED_AUTOS = YES_AGGRESSIVE;
				GCC_WARN_UNUSED_FUNCTION = YES;
				GCC_WARN_UNUSED_VARIABLE = YES;
				IPHONEOS_DEPLOYMENT_TARGET = 13.0;
				MTL_ENABLE_DEBUG_INFO = INCLUDE_SOURCE;
				MTL_FAST_MATH = YES;
				ONLY_ACTIVE_ARCH = YES;
				SDKROOT = iphoneos;
				SWIFT_ACTIVE_COMPILATION_CONDITIONS = DEBUG;
				SWIFT_OPTIMIZATION_LEVEL = "-Onone";
			};
			name = Debug;
		};
		D6CF9D0C22446C2600474876 /* Release */ = {
			isa = XCBuildConfiguration;
			buildSettings = {
				ALWAYS_SEARCH_USER_PATHS = NO;
				CLANG_ANALYZER_NONNULL = YES;
				CLANG_ANALYZER_NUMBER_OBJECT_CONVERSION = YES_AGGRESSIVE;
				CLANG_CXX_LANGUAGE_STANDARD = "gnu++14";
				CLANG_CXX_LIBRARY = "libc++";
				CLANG_ENABLE_MODULES = YES;
				CLANG_ENABLE_OBJC_ARC = YES;
				CLANG_ENABLE_OBJC_WEAK = YES;
				CLANG_WARN_BLOCK_CAPTURE_AUTORELEASING = YES;
				CLANG_WARN_BOOL_CONVERSION = YES;
				CLANG_WARN_COMMA = YES;
				CLANG_WARN_CONSTANT_CONVERSION = YES;
				CLANG_WARN_DEPRECATED_OBJC_IMPLEMENTATIONS = YES;
				CLANG_WARN_DIRECT_OBJC_ISA_USAGE = YES_ERROR;
				CLANG_WARN_DOCUMENTATION_COMMENTS = YES;
				CLANG_WARN_EMPTY_BODY = YES;
				CLANG_WARN_ENUM_CONVERSION = YES;
				CLANG_WARN_INFINITE_RECURSION = YES;
				CLANG_WARN_INT_CONVERSION = YES;
				CLANG_WARN_NON_LITERAL_NULL_CONVERSION = YES;
				CLANG_WARN_OBJC_IMPLICIT_RETAIN_SELF = YES;
				CLANG_WARN_OBJC_LITERAL_CONVERSION = YES;
				CLANG_WARN_OBJC_ROOT_CLASS = YES_ERROR;
				CLANG_WARN_RANGE_LOOP_ANALYSIS = YES;
				CLANG_WARN_STRICT_PROTOTYPES = YES;
				CLANG_WARN_SUSPICIOUS_MOVE = YES;
				CLANG_WARN_UNGUARDED_AVAILABILITY = YES_AGGRESSIVE;
				CLANG_WARN_UNREACHABLE_CODE = YES;
				CLANG_WARN__DUPLICATE_METHOD_MATCH = YES;
				CODE_SIGN_IDENTITY = "iPhone Developer";
				COPY_PHASE_STRIP = NO;
				DEBUG_INFORMATION_FORMAT = "dwarf-with-dsym";
				ENABLE_NS_ASSERTIONS = NO;
				ENABLE_STRICT_OBJC_MSGSEND = YES;
				GCC_C_LANGUAGE_STANDARD = gnu11;
				GCC_NO_COMMON_BLOCKS = YES;
				GCC_WARN_64_TO_32_BIT_CONVERSION = YES;
				GCC_WARN_ABOUT_RETURN_TYPE = YES_ERROR;
				GCC_WARN_UNDECLARED_SELECTOR = YES;
				GCC_WARN_UNINITIALIZED_AUTOS = YES_AGGRESSIVE;
				GCC_WARN_UNUSED_FUNCTION = YES;
				GCC_WARN_UNUSED_VARIABLE = YES;
				IPHONEOS_DEPLOYMENT_TARGET = 13.0;
				MTL_ENABLE_DEBUG_INFO = NO;
				MTL_FAST_MATH = YES;
				SDKROOT = iphoneos;
				SWIFT_COMPILATION_MODE = wholemodule;
				SWIFT_OPTIMIZATION_LEVEL = "-O";
				VALIDATE_PRODUCT = YES;
			};
			name = Release;
		};
		D6CF9D0E22446C2600474876 /* Debug */ = {
			isa = XCBuildConfiguration;
			baseConfigurationReference = CBBC9BD9C4C006887EE2EA97 /* Pods-XYZHUD.debug.xcconfig */;
			buildSettings = {
				ASSETCATALOG_COMPILER_APPICON_NAME = AppIcon;
				CODE_SIGN_STYLE = Automatic;
				DEVELOPMENT_TEAM = E5VG453CHM;
				INFOPLIST_FILE = "$(SRCROOT)/XYZHUD/Info.plist";
				IPHONEOS_DEPLOYMENT_TARGET = 13.0;
				LD_RUNPATH_SEARCH_PATHS = (
					"$(inherited)",
					"@executable_path/Frameworks",
				);
				PRODUCT_BUNDLE_IDENTIFIER = com.zhangqian.XYZHUD;
				PRODUCT_NAME = "$(TARGET_NAME)";
				SWIFT_VERSION = 5.0;
				TARGETED_DEVICE_FAMILY = "1,2";
			};
			name = Debug;
		};
		D6CF9D0F22446C2600474876 /* Release */ = {
			isa = XCBuildConfiguration;
			baseConfigurationReference = A3B6A6C6BEC48A553671BD5C /* Pods-XYZHUD.release.xcconfig */;
			buildSettings = {
				ASSETCATALOG_COMPILER_APPICON_NAME = AppIcon;
				CODE_SIGN_STYLE = Automatic;
				DEVELOPMENT_TEAM = E5VG453CHM;
				INFOPLIST_FILE = "$(SRCROOT)/XYZHUD/Info.plist";
				IPHONEOS_DEPLOYMENT_TARGET = 13.0;
				LD_RUNPATH_SEARCH_PATHS = (
					"$(inherited)",
					"@executable_path/Frameworks",
				);
				PRODUCT_BUNDLE_IDENTIFIER = com.zhangqian.XYZHUD;
				PRODUCT_NAME = "$(TARGET_NAME)";
				SWIFT_VERSION = 5.0;
				TARGETED_DEVICE_FAMILY = "1,2";
			};
			name = Release;
		};
/* End XCBuildConfiguration section */

/* Begin XCConfigurationList section */
		D6CF9CF622446C2500474876 /* Build configuration list for PBXProject "XYZHUD" */ = {
			isa = XCConfigurationList;
			buildConfigurations = (
				D6CF9D0B22446C2600474876 /* Debug */,
				D6CF9D0C22446C2600474876 /* Release */,
			);
			defaultConfigurationIsVisible = 0;
			defaultConfigurationName = Release;
		};
		D6CF9D0D22446C2600474876 /* Build configuration list for PBXNativeTarget "XYZHUD" */ = {
			isa = XCConfigurationList;
			buildConfigurations = (
				D6CF9D0E22446C2600474876 /* Debug */,
				D6CF9D0F22446C2600474876 /* Release */,
			);
			defaultConfigurationIsVisible = 0;
			defaultConfigurationName = Release;
		};
/* End XCConfigurationList section */
	};
	rootObject = D6CF9CF322446C2500474876 /* Project object */;
}
